// !$*UTF8*$!
{
	archiveVersion = 1;
	classes = {
	};
	objectVersion = 50;
	objects = {

/* Begin PBXBuildFile section */
		505B7E7E25431D020077647A /* UIKit.framework in Frameworks */ = {isa = PBXBuildFile; fileRef = 505B7E7D25431D020077647A /* UIKit.framework */; };
		505B7E8025431D080077647A /* Foundation.framework in Frameworks */ = {isa = PBXBuildFile; fileRef = 505B7E7F25431D080077647A /* Foundation.framework */; };
		505B7E8325431D990077647A /* Champi.swift in Sources */ = {isa = PBXBuildFile; fileRef = 505B7E8225431D990077647A /* Champi.swift */; };
		505B7E8725431E670077647A /* VMBannerView.swift in Sources */ = {isa = PBXBuildFile; fileRef = 505B7E8625431E670077647A /* VMBannerView.swift */; };
		505B7E8A25431E830077647A /* VMBannerCollectionViewCell.swift in Sources */ = {isa = PBXBuildFile; fileRef = 505B7E8925431E830077647A /* VMBannerCollectionViewCell.swift */; };
		505B7F10254477D40077647A /* VMBannerCollectionViewLayout.swift in Sources */ = {isa = PBXBuildFile; fileRef = 505B7F0F254477D40077647A /* VMBannerCollectionViewLayout.swift */; };
		505B7F13254477F00077647A /* VMBannerCollectionViewLayoutAttributes.swift in Sources */ = {isa = PBXBuildFile; fileRef = 505B7F12254477F00077647A /* VMBannerCollectionViewLayoutAttributes.swift */; };
		505B7F16254479C20077647A /* VMBannerCollectionView.swift in Sources */ = {isa = PBXBuildFile; fileRef = 505B7F15254479C20077647A /* VMBannerCollectionView.swift */; };
		50BAEE182541CC27005026F6 /* Champi.h in Headers */ = {isa = PBXBuildFile; fileRef = 50BAEE162541CC27005026F6 /* Champi.h */; settings = {ATTRIBUTES = (Public, ); }; };
/* End PBXBuildFile section */

/* Begin PBXFileReference section */
		505B7E7D25431D020077647A /* UIKit.framework */ = {isa = PBXFileReference; lastKnownFileType = wrapper.framework; name = UIKit.framework; path = System/Library/Frameworks/UIKit.framework; sourceTree = SDKROOT; };
		505B7E7F25431D080077647A /* Foundation.framework */ = {isa = PBXFileReference; lastKnownFileType = wrapper.framework; name = Foundation.framework; path = System/Library/Frameworks/Foundation.framework; sourceTree = SDKROOT; };
		505B7E8225431D990077647A /* Champi.swift */ = {isa = PBXFileReference; lastKnownFileType = sourcecode.swift; path = Champi.swift; sourceTree = "<group>"; };
		505B7E8625431E670077647A /* VMBannerView.swift */ = {isa = PBXFileReference; lastKnownFileType = sourcecode.swift; path = VMBannerView.swift; sourceTree = "<group>"; };
		505B7E8925431E830077647A /* VMBannerCollectionViewCell.swift */ = {isa = PBXFileReference; lastKnownFileType = sourcecode.swift; path = VMBannerCollectionViewCell.swift; sourceTree = "<group>"; };
		505B7F0F254477D40077647A /* VMBannerCollectionViewLayout.swift */ = {isa = PBXFileReference; lastKnownFileType = sourcecode.swift; path = VMBannerCollectionViewLayout.swift; sourceTree = "<group>"; };
		505B7F12254477F00077647A /* VMBannerCollectionViewLayoutAttributes.swift */ = {isa = PBXFileReference; lastKnownFileType = sourcecode.swift; path = VMBannerCollectionViewLayoutAttributes.swift; sourceTree = "<group>"; };
		505B7F15254479C20077647A /* VMBannerCollectionView.swift */ = {isa = PBXFileReference; lastKnownFileType = sourcecode.swift; path = VMBannerCollectionView.swift; sourceTree = "<group>"; };
		50BAEE092541CBE8005026F6 /* Champi.framework */ = {isa = PBXFileReference; explicitFileType = wrapper.framework; includeInIndex = 0; path = Champi.framework; sourceTree = BUILT_PRODUCTS_DIR; };
		50BAEE162541CC27005026F6 /* Champi.h */ = {isa = PBXFileReference; fileEncoding = 4; lastKnownFileType = sourcecode.c.h; path = Champi.h; sourceTree = "<group>"; };
		50BAEE172541CC27005026F6 /* Info.plist */ = {isa = PBXFileReference; fileEncoding = 4; lastKnownFileType = text.plist.xml; path = Info.plist; sourceTree = "<group>"; };
/* End PBXFileReference section */

/* Begin PBXFrameworksBuildPhase section */
		50BAEE062541CBE8005026F6 /* Frameworks */ = {
			isa = PBXFrameworksBuildPhase;
			buildActionMask = 2147483647;
			files = (
				505B7E7E25431D020077647A /* UIKit.framework in Frameworks */,
				505B7E8025431D080077647A /* Foundation.framework in Frameworks */,
			);
			runOnlyForDeploymentPostprocessing = 0;
		};
/* End PBXFrameworksBuildPhase section */

/* Begin PBXGroup section */
		505B7E7825431CC40077647A /* Core */ = {
			isa = PBXGroup;
			children = (
				505B7E8225431D990077647A /* Champi.swift */,
				505B7E8625431E670077647A /* VMBannerView.swift */,
				505B7F15254479C20077647A /* VMBannerCollectionView.swift */,
				505B7E8925431E830077647A /* VMBannerCollectionViewCell.swift */,
				505B7F0F254477D40077647A /* VMBannerCollectionViewLayout.swift */,
				505B7F12254477F00077647A /* VMBannerCollectionViewLayoutAttributes.swift */,
			);
			path = Core;
			sourceTree = "<group>";
		};
		505B7E7C25431D020077647A /* Frameworks */ = {
			isa = PBXGroup;
			children = (
				505B7E7F25431D080077647A /* Foundation.framework */,
				505B7E7D25431D020077647A /* UIKit.framework */,
			);
			name = Frameworks;
			sourceTree = "<group>";
		};
		50BAEDFF2541CBE8005026F6 = {
			isa = PBXGroup;
			children = (
				50BAEE152541CC27005026F6 /* Sources */,
				50BAEE0A2541CBE8005026F6 /* Products */,
				505B7E7C25431D020077647A /* Frameworks */,
			);
			sourceTree = "<group>";
		};
		50BAEE0A2541CBE8005026F6 /* Products */ = {
			isa = PBXGroup;
			children = (
				50BAEE092541CBE8005026F6 /* Champi.framework */,
			);
			name = Products;
			sourceTree = "<group>";
		};
		50BAEE152541CC27005026F6 /* Sources */ = {
			isa = PBXGroup;
			children = (
				505B7E7825431CC40077647A /* Core */,
				50BAEE162541CC27005026F6 /* Champi.h */,
				50BAEE172541CC27005026F6 /* Info.plist */,
			);
			path = Sources;
			sourceTree = "<group>";
		};
/* End PBXGroup section */

/* Begin PBXHeadersBuildPhase section */
		50BAEE042541CBE8005026F6 /* Headers */ = {
			isa = PBXHeadersBuildPhase;
			buildActionMask = 2147483647;
			files = (
				50BAEE182541CC27005026F6 /* Champi.h in Headers */,
			);
			runOnlyForDeploymentPostprocessing = 0;
		};
/* End PBXHeadersBuildPhase section */

/* Begin PBXNativeTarget section */
		50BAEE082541CBE8005026F6 /* Champi */ = {
			isa = PBXNativeTarget;
			buildConfigurationList = 50BAEE112541CBE8005026F6 /* Build configuration list for PBXNativeTarget "Champi" */;
			buildPhases = (
				50BAEE042541CBE8005026F6 /* Headers */,
				50BAEE052541CBE8005026F6 /* Sources */,
				50BAEE062541CBE8005026F6 /* Frameworks */,
				50BAEE072541CBE8005026F6 /* Resources */,
			);
			buildRules = (
			);
			dependencies = (
			);
			name = Champi;
			productName = Champi;
			productReference = 50BAEE092541CBE8005026F6 /* Champi.framework */;
			productType = "com.apple.product-type.framework";
		};
/* End PBXNativeTarget section */

/* Begin PBXProject section */
		50BAEE002541CBE8005026F6 /* Project object */ = {
			isa = PBXProject;
			attributes = {
				LastUpgradeCheck = 1200;
				TargetAttributes = {
					50BAEE082541CBE8005026F6 = {
						CreatedOnToolsVersion = 12.0;
						LastSwiftMigration = 1210;
					};
				};
			};
			buildConfigurationList = 50BAEE032541CBE8005026F6 /* Build configuration list for PBXProject "Champi" */;
			compatibilityVersion = "Xcode 9.3";
			developmentRegion = en;
			hasScannedForEncodings = 0;
			knownRegions = (
				en,
				Base,
			);
			mainGroup = 50BAEDFF2541CBE8005026F6;
			productRefGroup = 50BAEE0A2541CBE8005026F6 /* Products */;
			projectDirPath = "";
			projectRoot = "";
			targets = (
				50BAEE082541CBE8005026F6 /* Champi */,
			);
		};
/* End PBXProject section */

/* Begin PBXResourcesBuildPhase section */
		50BAEE072541CBE8005026F6 /* Resources */ = {
			isa = PBXResourcesBuildPhase;
			buildActionMask = 2147483647;
			files = (
			);
			runOnlyForDeploymentPostprocessing = 0;
		};
/* End PBXResourcesBuildPhase section */

/* Begin PBXSourcesBuildPhase section */
		50BAEE052541CBE8005026F6 /* Sources */ = {
			isa = PBXSourcesBuildPhase;
			buildActionMask = 2147483647;
			files = (
				505B7F13254477F00077647A /* VMBannerCollectionViewLayoutAttributes.swift in Sources */,
				505B7E8A25431E830077647A /* VMBannerCollectionViewCell.swift in Sources */,
				505B7F10254477D40077647A /* VMBannerCollectionViewLayout.swift in Sources */,
				505B7E8325431D990077647A /* Champi.swift in Sources */,
				505B7E8725431E670077647A /* VMBannerView.swift in Sources */,
				505B7F16254479C20077647A /* VMBannerCollectionView.swift in Sources */,
			);
			runOnlyForDeploymentPostprocessing = 0;
		};
/* End PBXSourcesBuildPhase section */

/* Begin XCBuildConfiguration section */
		50BAEE0F2541CBE8005026F6 /* Debug */ = {
			isa = XCBuildConfiguration;
			buildSettings = {
				ALWAYS_SEARCH_USER_PATHS = NO;
				CLANG_ANALYZER_NONNULL = YES;
				CLANG_ANALYZER_NUMBER_OBJECT_CONVERSION = YES_AGGRESSIVE;
				CLANG_CXX_LANGUAGE_STANDARD = "gnu++14";
				CLANG_CXX_LIBRARY = "libc++";
				CLANG_ENABLE_MODULES = YES;
				CLANG_ENABLE_OBJC_ARC = YES;
				CLANG_ENABLE_OBJC_WEAK = YES;
				CLANG_WARN_BLOCK_CAPTURE_AUTORELEASING = YES;
				CLANG_WARN_BOOL_CONVERSION = YES;
				CLANG_WARN_COMMA = YES;
				CLANG_WARN_CONSTANT_CONVERSION = YES;
				CLANG_WARN_DEPRECATED_OBJC_IMPLEMENTATIONS = YES;
				CLANG_WARN_DIRECT_OBJC_ISA_USAGE = YES_ERROR;
				CLANG_WARN_DOCUMENTATION_COMMENTS = YES;
				CLANG_WARN_EMPTY_BODY = YES;
				CLANG_WARN_ENUM_CONVERSION = YES;
				CLANG_WARN_INFINITE_RECURSION = YES;
				CLANG_WARN_INT_CONVERSION = YES;
				CLANG_WARN_NON_LITERAL_NULL_CONVERSION = YES;
				CLANG_WARN_OBJC_IMPLICIT_RETAIN_SELF = YES;
				CLANG_WARN_OBJC_LITERAL_CONVERSION = YES;
				CLANG_WARN_OBJC_ROOT_CLASS = YES_ERROR;
				CLANG_WARN_QUOTED_INCLUDE_IN_FRAMEWORK_HEADER = YES;
				CLANG_WARN_RANGE_LOOP_ANALYSIS = YES;
				CLANG_WARN_STRICT_PROTOTYPES = YES;
				CLANG_WARN_SUSPICIOUS_MOVE = YES;
				CLANG_WARN_UNGUARDED_AVAILABILITY = YES_AGGRESSIVE;
				CLANG_WARN_UNREACHABLE_CODE = YES;
				CLANG_WARN__DUPLICATE_METHOD_MATCH = YES;
				COPY_PHASE_STRIP = NO;
				CURRENT_PROJECT_VERSION = 1;
				DEBUG_INFORMATION_FORMAT = dwarf;
				ENABLE_STRICT_OBJC_MSGSEND = YES;
				ENABLE_TESTABILITY = YES;
				GCC_C_LANGUAGE_STANDARD = gnu11;
				GCC_DYNAMIC_NO_PIC = NO;
				GCC_NO_COMMON_BLOCKS = YES;
				GCC_OPTIMIZATION_LEVEL = 0;
				GCC_PREPROCESSOR_DEFINITIONS = (
					"DEBUG=1",
					"$(inherited)",
				);
				GCC_WARN_64_TO_32_BIT_CONVERSION = YES;
				GCC_WARN_ABOUT_RETURN_TYPE = YES_ERROR;
				GCC_WARN_UNDECLARED_SELECTOR = YES;
				GCC_WARN_UNINITIALIZED_AUTOS = YES_AGGRESSIVE;
				GCC_WARN_UNUSED_FUNCTION = YES;
				GCC_WARN_UNUSED_VARIABLE = YES;
				IPHONEOS_DEPLOYMENT_TARGET = 10.0;
				MTL_ENABLE_DEBUG_INFO = INCLUDE_SOURCE;
				MTL_FAST_MATH = YES;
				ONLY_ACTIVE_ARCH = YES;
				SDKROOT = iphoneos;
				SWIFT_ACTIVE_COMPILATION_CONDITIONS = DEBUG;
				SWIFT_OPTIMIZATION_LEVEL = "-Onone";
				VERSIONING_SYSTEM = "apple-generic";
				VERSION_INFO_PREFIX = "";
			};
			name = Debug;
		};
		50BAEE102541CBE8005026F6 /* Release */ = {
			isa = XCBuildConfiguration;
			buildSettings = {
				ALWAYS_SEARCH_USER_PATHS = NO;
				CLANG_ANALYZER_NONNULL = YES;
				CLANG_ANALYZER_NUMBER_OBJECT_CONVERSION = YES_AGGRESSIVE;
				CLANG_CXX_LANGUAGE_STANDARD = "gnu++14";
				CLANG_CXX_LIBRARY = "libc++";
				CLANG_ENABLE_MODULES = YES;
				CLANG_ENABLE_OBJC_ARC = YES;
				CLANG_ENABLE_OBJC_WEAK = YES;
				CLANG_WARN_BLOCK_CAPTURE_AUTORELEASING = YES;
				CLANG_WARN_BOOL_CONVERSION = YES;
				CLANG_WARN_COMMA = YES;
				CLANG_WARN_CONSTANT_CONVERSION = YES;
				CLANG_WARN_DEPRECATED_OBJC_IMPLEMENTATIONS = YES;
				CLANG_WARN_DIRECT_OBJC_ISA_USAGE = YES_ERROR;
				CLANG_WARN_DOCUMENTATION_COMMENTS = YES;
				CLANG_WARN_EMPTY_BODY = YES;
				CLANG_WARN_ENUM_CONVERSION = YES;
				CLANG_WARN_INFINITE_RECURSION = YES;
				CLANG_WARN_INT_CONVERSION = YES;
				CLANG_WARN_NON_LITERAL_NULL_CONVERSION = YES;
				CLANG_WARN_OBJC_IMPLICIT_RETAIN_SELF = YES;
				CLANG_WARN_OBJC_LITERAL_CONVERSION = YES;
				CLANG_WARN_OBJC_ROOT_CLASS = YES_ERROR;
				CLANG_WARN_QUOTED_INCLUDE_IN_FRAMEWORK_HEADER = YES;
				CLANG_WARN_RANGE_LOOP_ANALYSIS = YES;
				CLANG_WARN_STRICT_PROTOTYPES = YES;
				CLANG_WARN_SUSPICIOUS_MOVE = YES;
				CLANG_WARN_UNGUARDED_AVAILABILITY = YES_AGGRESSIVE;
				CLANG_WARN_UNREACHABLE_CODE = YES;
				CLANG_WARN__DUPLICATE_METHOD_MATCH = YES;
				COPY_PHASE_STRIP = NO;
				CURRENT_PROJECT_VERSION = 1;
				DEBUG_INFORMATION_FORMAT = "dwarf-with-dsym";
				ENABLE_NS_ASSERTIONS = NO;
				ENABLE_STRICT_OBJC_MSGSEND = YES;
				GCC_C_LANGUAGE_STANDARD = gnu11;
				GCC_NO_COMMON_BLOCKS = YES;
				GCC_WARN_64_TO_32_BIT_CONVERSION = YES;
				GCC_WARN_ABOUT_RETURN_TYPE = YES_ERROR;
				GCC_WARN_UNDECLARED_SELECTOR = YES;
				GCC_WARN_UNINITIALIZED_AUTOS = YES_AGGRESSIVE;
				GCC_WARN_UNUSED_FUNCTION = YES;
				GCC_WARN_UNUSED_VARIABLE = YES;
				IPHONEOS_DEPLOYMENT_TARGET = 10.0;
				MTL_ENABLE_DEBUG_INFO = NO;
				MTL_FAST_MATH = YES;
				SDKROOT = iphoneos;
				SWIFT_COMPILATION_MODE = wholemodule;
				SWIFT_OPTIMIZATION_LEVEL = "-O";
				VALIDATE_PRODUCT = YES;
				VERSIONING_SYSTEM = "apple-generic";
				VERSION_INFO_PREFIX = "";
			};
			name = Release;
		};
		50BAEE122541CBE8005026F6 /* Debug */ = {
			isa = XCBuildConfiguration;
			buildSettings = {
				APPLICATION_EXTENSION_API_ONLY = YES;
				CLANG_ENABLE_MODULES = YES;
				CODE_SIGN_STYLE = Automatic;
				DEFINES_MODULE = YES;
				DYLIB_COMPATIBILITY_VERSION = 1;
				DYLIB_CURRENT_VERSION = 1;
				DYLIB_INSTALL_NAME_BASE = "@rpath";
				INFOPLIST_FILE = Sources/Info.plist;
				INSTALL_PATH = "$(LOCAL_LIBRARY_DIR)/Frameworks";
				LD_RUNPATH_SEARCH_PATHS = (
					"$(inherited)",
					"@executable_path/Frameworks",
					"@loader_path/Frameworks",
				);
				MARKETING_VERSION = 1.0.0;
				PRODUCT_BUNDLE_IDENTIFIER = com.max.jian.Champi;
				PRODUCT_NAME = "$(TARGET_NAME:c99extidentifier)";
				SKIP_INSTALL = YES;
				SUPPORTS_MACCATALYST = NO;
				SWIFT_OPTIMIZATION_LEVEL = "-Onone";
				SWIFT_VERSION = 5.0;
				TARGETED_DEVICE_FAMILY = "1,2";
			};
			name = Debug;
		};
		50BAEE132541CBE8005026F6 /* Release */ = {
			isa = XCBuildConfiguration;
			buildSettings = {
				APPLICATION_EXTENSION_API_ONLY = YES;
				CLANG_ENABLE_MODULES = YES;
				CODE_SIGN_STYLE = Automatic;
				DEFINES_MODULE = YES;
				DYLIB_COMPATIBILITY_VERSION = 1;
				DYLIB_CURRENT_VERSION = 1;
				DYLIB_INSTALL_NAME_BASE = "@rpath";
				INFOPLIST_FILE = Sources/Info.plist;
				INSTALL_PATH = "$(LOCAL_LIBRARY_DIR)/Frameworks";
				LD_RUNPATH_SEARCH_PATHS = (
					"$(inherited)",
					"@executable_path/Frameworks",
					"@loader_path/Frameworks",
				);
				MARKETING_VERSION = 1.0.0;
				PRODUCT_BUNDLE_IDENTIFIER = com.max.jian.Champi;
				PRODUCT_NAME = "$(TARGET_NAME:c99extidentifier)";
				SKIP_INSTALL = YES;
				SUPPORTS_MACCATALYST = NO;
				SWIFT_VERSION = 5.0;
				TARGETED_DEVICE_FAMILY = "1,2";
			};
			name = Release;
		};
/* End XCBuildConfiguration section */

/* Begin XCConfigurationList section */
		50BAEE032541CBE8005026F6 /* Build configuration list for PBXProject "Champi" */ = {
			isa = XCConfigurationList;
			buildConfigurations = (
				50BAEE0F2541CBE8005026F6 /* Debug */,
				50BAEE102541CBE8005026F6 /* Release */,
			);
			defaultConfigurationIsVisible = 0;
			defaultConfigurationName = Release;
		};
		50BAEE112541CBE8005026F6 /* Build configuration list for PBXNativeTarget "Champi" */ = {
			isa = XCConfigurationList;
			buildConfigurations = (
				50BAEE122541CBE8005026F6 /* Debug */,
				50BAEE132541CBE8005026F6 /* Release */,
			);
			defaultConfigurationIsVisible = 0;
			defaultConfigurationName = Release;
		};
/* End XCConfigurationList section */
	};
	rootObject = 50BAEE002541CBE8005026F6 /* Project object */;
}
